
Microsoft Visual Studio Solution File, Format Version 12.00
# Visual Studio Version 16
VisualStudioVersion = 16.0.29418.71
MinimumVisualStudioVersion = 10.0.40219.1
Project("{FAE04EC0-301F-11D3-BF4B-00C04F79EFBC}") = "StockPriceMessage", "StockPriceMessage\StockPriceMessage.csproj", "{C4E2004E-311D-48D9-99E4-DB8AB681149A}"
EndProject
Global
	GlobalSection(SolutionConfigurationPlatforms) = preSolution
		Debug|Any CPU = Debug|Any CPU
		Release|Any CPU = Release|Any CPU
	EndGlobalSection
	GlobalSection(ProjectConfigurationPlatforms) = postSolution
		{C4E2004E-311D-48D9-99E4-DB8AB681149A}.Debug|Any CPU.ActiveCfg = Debug|Any CPU
		{C4E2004E-311D-48D9-99E4-DB8AB681149A}.Debug|Any CPU.Build.0 = Debug|Any CPU
		{C4E2004E-311D-48D9-99E4-DB8AB681149A}.Release|Any CPU.ActiveCfg = Release|Any CPU
		{C4E2004E-311D-48D9-99E4-DB8AB681149A}.Release|Any CPU.Build.0 = Release|Any CPU
	EndGlobalSection
	GlobalSection(SolutionProperties) = preSolution
		HideSolutionNode = FALSE
	EndGlobalSection
	GlobalSection(ExtensibilityGlobals) = postSolution
		SolutionGuid = {4F1B43B5-CB1B-48A5-82C5-E9DF1FD9EC67}
	EndGlobalSection
EndGlobal
